{
  "name": "dom-break",
  "version": "1.0.0",
  "lockfileVersion": 1,
  "requires": true,
  "dependencies": {
    "@seanmcp/demo": {
      "version": "2.0.2",
      "resolved": "https://registry.npmjs.org/@seanmcp/demo/-/demo-2.0.2.tgz",
      "integrity": "sha512-fY+s7VIhk3yqLaAuS1iGb5YQlngT2064fWdCt0ZovQPK4uqy1T/55EqW0/m6o7dRhRVErrelamDKtfpbPbibCg=="
    }
  }
}
